// !$*UTF8*$!
{
	archiveVersion = 1;
	classes = {
	};
	objectVersion = 46;
	objects = {

/* Begin PBXBuildFile section */
		273197A8B8581C28A99C8EA0 /* libPods-3NGAGE.a in Frameworks */ = {isa = PBXBuildFile; fileRef = 1C293CD593BC6095FD05A764 /* libPods-3NGAGE.a */; };
		4F009FCD1C8D6CFB002F8EBE /* AddRegisterViewController.swift in Sources */ = {isa = PBXBuildFile; fileRef = 4F009FCC1C8D6CFB002F8EBE /* AddRegisterViewController.swift */; };
		4F009FCF1C8D79B9002F8EBE /* icon-after-pink.png in Resources */ = {isa = PBXBuildFile; fileRef = 4F009FCE1C8D79B9002F8EBE /* icon-after-pink.png */; };
		4F009FD11C8DBBE9002F8EBE /* Global.swift in Sources */ = {isa = PBXBuildFile; fileRef = 4F009FD01C8DBBE9002F8EBE /* Global.swift */; };
		4F05E0F61C8D5CF800B2985E /* icon-before.png in Resources */ = {isa = PBXBuildFile; fileRef = 4F05E0F51C8D5CF800B2985E /* icon-before.png */; };
		4F5ED69F1C886AB1000FA346 /* 7335a.png in Resources */ = {isa = PBXBuildFile; fileRef = 4F5ED6971C886AB1000FA346 /* 7335a.png */; };
		4F5ED6A01C886AB1000FA346 /* 7335b.png in Resources */ = {isa = PBXBuildFile; fileRef = 4F5ED6981C886AB1000FA346 /* 7335b.png */; };
		4F5ED6A11C886AB1000FA346 /* 7335c.png in Resources */ = {isa = PBXBuildFile; fileRef = 4F5ED6991C886AB1000FA346 /* 7335c.png */; };
		4F5ED6A21C886AB1000FA346 /* 7335d.png in Resources */ = {isa = PBXBuildFile; fileRef = 4F5ED69A1C886AB1000FA346 /* 7335d.png */; };
		4F5ED6A31C886AB1000FA346 /* 7335e.png in Resources */ = {isa = PBXBuildFile; fileRef = 4F5ED69B1C886AB1000FA346 /* 7335e.png */; };
		4F5ED6A41C886AB1000FA346 /* 7335f.png in Resources */ = {isa = PBXBuildFile; fileRef = 4F5ED69C1C886AB1000FA346 /* 7335f.png */; };
		4F5ED6A51C886AB1000FA346 /* 7335g.png in Resources */ = {isa = PBXBuildFile; fileRef = 4F5ED69D1C886AB1000FA346 /* 7335g.png */; };
		4F5ED6A61C886AB1000FA346 /* 7335h.png in Resources */ = {isa = PBXBuildFile; fileRef = 4F5ED69E1C886AB1000FA346 /* 7335h.png */; };
		4F715B691C875400004BAE39 /* AppDelegate.swift in Sources */ = {isa = PBXBuildFile; fileRef = 4F715B681C875400004BAE39 /* AppDelegate.swift */; };
		4F715B6E1C875400004BAE39 /* Main.storyboard in Resources */ = {isa = PBXBuildFile; fileRef = 4F715B6C1C875400004BAE39 /* Main.storyboard */; };
		4F715B701C875400004BAE39 /* Assets.xcassets in Resources */ = {isa = PBXBuildFile; fileRef = 4F715B6F1C875400004BAE39 /* Assets.xcassets */; };
		4F715B731C875400004BAE39 /* LaunchScreen.storyboard in Resources */ = {isa = PBXBuildFile; fileRef = 4F715B711C875400004BAE39 /* LaunchScreen.storyboard */; };
		4F715B7F1C87557C004BAE39 /* SResultViewController.swift in Sources */ = {isa = PBXBuildFile; fileRef = 4F715B7E1C87557C004BAE39 /* SResultViewController.swift */; };
		4F715B841C8756D3004BAE39 /* Default-568h@2x.png in Resources */ = {isa = PBXBuildFile; fileRef = 4F715B811C8756D3004BAE39 /* Default-568h@2x.png */; };
		4F715B851C8756D3004BAE39 /* Default.png in Resources */ = {isa = PBXBuildFile; fileRef = 4F715B821C8756D3004BAE39 /* Default.png */; };
		4F715B861C8756D3004BAE39 /* Default@2x.png in Resources */ = {isa = PBXBuildFile; fileRef = 4F715B831C8756D3004BAE39 /* Default@2x.png */; };
		4F715B8A1C87594C004BAE39 /* icon-black-heart.png in Resources */ = {isa = PBXBuildFile; fileRef = 4F715B871C87594C004BAE39 /* icon-black-heart.png */; };
		4F715B8B1C87594C004BAE39 /* icon-menu.png in Resources */ = {isa = PBXBuildFile; fileRef = 4F715B881C87594C004BAE39 /* icon-menu.png */; };
		4F715B8C1C87594C004BAE39 /* icon-red-heart.png in Resources */ = {isa = PBXBuildFile; fileRef = 4F715B891C87594C004BAE39 /* icon-red-heart.png */; };
		4F715B8E1C8759E2004BAE39 /* pic-1.png in Resources */ = {isa = PBXBuildFile; fileRef = 4F715B8D1C8759E2004BAE39 /* pic-1.png */; };
		4F921C6F1C8C9E290088E89C /* bg1.png in Resources */ = {isa = PBXBuildFile; fileRef = 4F921C691C8C9E290088E89C /* bg1.png */; };
		4F921C701C8C9E290088E89C /* bg2.png in Resources */ = {isa = PBXBuildFile; fileRef = 4F921C6A1C8C9E290088E89C /* bg2.png */; };
		4F921C711C8C9E290088E89C /* bg3.png in Resources */ = {isa = PBXBuildFile; fileRef = 4F921C6B1C8C9E290088E89C /* bg3.png */; };
		4F921C721C8C9E290088E89C /* bg4.png in Resources */ = {isa = PBXBuildFile; fileRef = 4F921C6C1C8C9E290088E89C /* bg4.png */; };
		4F921C731C8C9E290088E89C /* bg5.png in Resources */ = {isa = PBXBuildFile; fileRef = 4F921C6D1C8C9E290088E89C /* bg5.png */; };
		4F921C741C8C9E290088E89C /* bg6.png in Resources */ = {isa = PBXBuildFile; fileRef = 4F921C6E1C8C9E290088E89C /* bg6.png */; };
		4F921C781C8C9E440088E89C /* engage_blk.png in Resources */ = {isa = PBXBuildFile; fileRef = 4F921C761C8C9E440088E89C /* engage_blk.png */; };
		4F921C791C8C9E440088E89C /* engage_wht.png in Resources */ = {isa = PBXBuildFile; fileRef = 4F921C771C8C9E440088E89C /* engage_wht.png */; };
		4F921C7B1C8C9E640088E89C /* update_search.png in Resources */ = {isa = PBXBuildFile; fileRef = 4F921C7A1C8C9E640088E89C /* update_search.png */; };
		4F921C831C8CA15A0088E89C /* InfoViewController.swift in Sources */ = {isa = PBXBuildFile; fileRef = 4F921C821C8CA15A0088E89C /* InfoViewController.swift */; };
		4F921C891C8CACB50088E89C /* LoginViewController.swift in Sources */ = {isa = PBXBuildFile; fileRef = 4F921C881C8CACB50088E89C /* LoginViewController.swift */; };
		4F921C8B1C8CACF50088E89C /* RegisterViewController.swift in Sources */ = {isa = PBXBuildFile; fileRef = 4F921C8A1C8CACF50088E89C /* RegisterViewController.swift */; };
		4F921C8D1C8CAD0E0088E89C /* MenuViewController.swift in Sources */ = {isa = PBXBuildFile; fileRef = 4F921C8C1C8CAD0E0088E89C /* MenuViewController.swift */; };
		4F921C8F1C8CAD8F0088E89C /* UpdateViewController.swift in Sources */ = {isa = PBXBuildFile; fileRef = 4F921C8E1C8CAD8F0088E89C /* UpdateViewController.swift */; };
/* End PBXBuildFile section */

/* Begin PBXFileReference section */
		1C293CD593BC6095FD05A764 /* libPods-3NGAGE.a */ = {isa = PBXFileReference; explicitFileType = archive.ar; includeInIndex = 0; path = "libPods-3NGAGE.a"; sourceTree = BUILT_PRODUCTS_DIR; };
		4F009FCC1C8D6CFB002F8EBE /* AddRegisterViewController.swift */ = {isa = PBXFileReference; fileEncoding = 4; lastKnownFileType = sourcecode.swift; path = AddRegisterViewController.swift; sourceTree = "<group>"; };
		4F009FCE1C8D79B9002F8EBE /* icon-after-pink.png */ = {isa = PBXFileReference; lastKnownFileType = image.png; name = "icon-after-pink.png"; path = "Resources/icon-after-pink.png"; sourceTree = "<group>"; };
		4F009FD01C8DBBE9002F8EBE /* Global.swift */ = {isa = PBXFileReference; fileEncoding = 4; lastKnownFileType = sourcecode.swift; path = Global.swift; sourceTree = "<group>"; };
		4F05E0F51C8D5CF800B2985E /* icon-before.png */ = {isa = PBXFileReference; lastKnownFileType = image.png; name = "icon-before.png"; path = "Resources/icon-before.png"; sourceTree = "<group>"; };
		4F5ED6971C886AB1000FA346 /* 7335a.png */ = {isa = PBXFileReference; lastKnownFileType = image.png; name = 7335a.png; path = Resources/7335/7335a.png; sourceTree = "<group>"; };
		4F5ED6981C886AB1000FA346 /* 7335b.png */ = {isa = PBXFileReference; lastKnownFileType = image.png; name = 7335b.png; path = Resources/7335/7335b.png; sourceTree = "<group>"; };
		4F5ED6991C886AB1000FA346 /* 7335c.png */ = {isa = PBXFileReference; lastKnownFileType = image.png; name = 7335c.png; path = Resources/7335/7335c.png; sourceTree = "<group>"; };
		4F5ED69A1C886AB1000FA346 /* 7335d.png */ = {isa = PBXFileReference; lastKnownFileType = image.png; name = 7335d.png; path = Resources/7335/7335d.png; sourceTree = "<group>"; };
		4F5ED69B1C886AB1000FA346 /* 7335e.png */ = {isa = PBXFileReference; lastKnownFileType = image.png; name = 7335e.png; path = Resources/7335/7335e.png; sourceTree = "<group>"; };
		4F5ED69C1C886AB1000FA346 /* 7335f.png */ = {isa = PBXFileReference; lastKnownFileType = image.png; name = 7335f.png; path = Resources/7335/7335f.png; sourceTree = "<group>"; };
		4F5ED69D1C886AB1000FA346 /* 7335g.png */ = {isa = PBXFileReference; lastKnownFileType = image.png; name = 7335g.png; path = Resources/7335/7335g.png; sourceTree = "<group>"; };
		4F5ED69E1C886AB1000FA346 /* 7335h.png */ = {isa = PBXFileReference; lastKnownFileType = image.png; name = 7335h.png; path = Resources/7335/7335h.png; sourceTree = "<group>"; };
		4F715B651C875400004BAE39 /* 3NGAGE.app */ = {isa = PBXFileReference; explicitFileType = wrapper.application; includeInIndex = 0; path = 3NGAGE.app; sourceTree = BUILT_PRODUCTS_DIR; };
		4F715B681C875400004BAE39 /* AppDelegate.swift */ = {isa = PBXFileReference; lastKnownFileType = sourcecode.swift; path = AppDelegate.swift; sourceTree = "<group>"; };
		4F715B6D1C875400004BAE39 /* Base */ = {isa = PBXFileReference; lastKnownFileType = file.storyboard; name = Base; path = Base.lproj/Main.storyboard; sourceTree = "<group>"; };
		4F715B6F1C875400004BAE39 /* Assets.xcassets */ = {isa = PBXFileReference; lastKnownFileType = folder.assetcatalog; path = Assets.xcassets; sourceTree = "<group>"; };
		4F715B721C875400004BAE39 /* Base */ = {isa = PBXFileReference; lastKnownFileType = file.storyboard; name = Base; path = Base.lproj/LaunchScreen.storyboard; sourceTree = "<group>"; };
		4F715B741C875400004BAE39 /* Info.plist */ = {isa = PBXFileReference; lastKnownFileType = text.plist.xml; path = Info.plist; sourceTree = "<group>"; };
		4F715B7E1C87557C004BAE39 /* SResultViewController.swift */ = {isa = PBXFileReference; fileEncoding = 4; lastKnownFileType = sourcecode.swift; path = SResultViewController.swift; sourceTree = "<group>"; };
		4F715B811C8756D3004BAE39 /* Default-568h@2x.png */ = {isa = PBXFileReference; lastKnownFileType = image.png; name = "Default-568h@2x.png"; path = "Resources/Default-568h@2x.png"; sourceTree = "<group>"; };
		4F715B821C8756D3004BAE39 /* Default.png */ = {isa = PBXFileReference; lastKnownFileType = image.png; name = Default.png; path = Resources/Default.png; sourceTree = "<group>"; };
		4F715B831C8756D3004BAE39 /* Default@2x.png */ = {isa = PBXFileReference; lastKnownFileType = image.png; name = "Default@2x.png"; path = "Resources/Default@2x.png"; sourceTree = "<group>"; };
		4F715B871C87594C004BAE39 /* icon-black-heart.png */ = {isa = PBXFileReference; lastKnownFileType = image.png; name = "icon-black-heart.png"; path = "Resources/icon-black-heart.png"; sourceTree = "<group>"; };
		4F715B881C87594C004BAE39 /* icon-menu.png */ = {isa = PBXFileReference; lastKnownFileType = image.png; name = "icon-menu.png"; path = "Resources/icon-menu.png"; sourceTree = "<group>"; };
		4F715B891C87594C004BAE39 /* icon-red-heart.png */ = {isa = PBXFileReference; lastKnownFileType = image.png; name = "icon-red-heart.png"; path = "Resources/icon-red-heart.png"; sourceTree = "<group>"; };
		4F715B8D1C8759E2004BAE39 /* pic-1.png */ = {isa = PBXFileReference; lastKnownFileType = image.png; name = "pic-1.png"; path = "Resources/pic-1.png"; sourceTree = "<group>"; };
		4F921C691C8C9E290088E89C /* bg1.png */ = {isa = PBXFileReference; lastKnownFileType = image.png; name = bg1.png; path = Resources/BGs/bg1.png; sourceTree = "<group>"; };
		4F921C6A1C8C9E290088E89C /* bg2.png */ = {isa = PBXFileReference; lastKnownFileType = image.png; name = bg2.png; path = Resources/BGs/bg2.png; sourceTree = "<group>"; };
		4F921C6B1C8C9E290088E89C /* bg3.png */ = {isa = PBXFileReference; lastKnownFileType = image.png; name = bg3.png; path = Resources/BGs/bg3.png; sourceTree = "<group>"; };
		4F921C6C1C8C9E290088E89C /* bg4.png */ = {isa = PBXFileReference; lastKnownFileType = image.png; name = bg4.png; path = Resources/BGs/bg4.png; sourceTree = "<group>"; };
		4F921C6D1C8C9E290088E89C /* bg5.png */ = {isa = PBXFileReference; lastKnownFileType = image.png; name = bg5.png; path = Resources/BGs/bg5.png; sourceTree = "<group>"; };
		4F921C6E1C8C9E290088E89C /* bg6.png */ = {isa = PBXFileReference; lastKnownFileType = image.png; name = bg6.png; path = Resources/BGs/bg6.png; sourceTree = "<group>"; };
		4F921C761C8C9E440088E89C /* engage_blk.png */ = {isa = PBXFileReference; lastKnownFileType = image.png; name = engage_blk.png; path = Resources/Logo/engage_blk.png; sourceTree = "<group>"; };
		4F921C771C8C9E440088E89C /* engage_wht.png */ = {isa = PBXFileReference; lastKnownFileType = image.png; name = engage_wht.png; path = Resources/Logo/engage_wht.png; sourceTree = "<group>"; };
		4F921C7A1C8C9E640088E89C /* update_search.png */ = {isa = PBXFileReference; lastKnownFileType = image.png; name = update_search.png; path = Resources/update_search.png; sourceTree = "<group>"; };
		4F921C821C8CA15A0088E89C /* InfoViewController.swift */ = {isa = PBXFileReference; fileEncoding = 4; lastKnownFileType = sourcecode.swift; path = InfoViewController.swift; sourceTree = "<group>"; };
		4F921C851C8CA41B0088E89C /* 3NGAGE-Bridging-Header.h */ = {isa = PBXFileReference; lastKnownFileType = sourcecode.c.h; path = "3NGAGE-Bridging-Header.h"; sourceTree = "<group>"; };
		4F921C881C8CACB50088E89C /* LoginViewController.swift */ = {isa = PBXFileReference; fileEncoding = 4; lastKnownFileType = sourcecode.swift; path = LoginViewController.swift; sourceTree = "<group>"; };
		4F921C8A1C8CACF50088E89C /* RegisterViewController.swift */ = {isa = PBXFileReference; fileEncoding = 4; lastKnownFileType = sourcecode.swift; path = RegisterViewController.swift; sourceTree = "<group>"; };
		4F921C8C1C8CAD0E0088E89C /* MenuViewController.swift */ = {isa = PBXFileReference; fileEncoding = 4; lastKnownFileType = sourcecode.swift; path = MenuViewController.swift; sourceTree = "<group>"; };
		4F921C8E1C8CAD8F0088E89C /* UpdateViewController.swift */ = {isa = PBXFileReference; fileEncoding = 4; lastKnownFileType = sourcecode.swift; path = UpdateViewController.swift; sourceTree = "<group>"; };
		6825F859D10BD11ADFB60313 /* Pods-3NGAGE.debug.xcconfig */ = {isa = PBXFileReference; includeInIndex = 1; lastKnownFileType = text.xcconfig; name = "Pods-3NGAGE.debug.xcconfig"; path = "Pods/Target Support Files/Pods-3NGAGE/Pods-3NGAGE.debug.xcconfig"; sourceTree = "<group>"; };
		E9B0C095F142226E25EDEC6E /* Pods-3NGAGE.release.xcconfig */ = {isa = PBXFileReference; includeInIndex = 1; lastKnownFileType = text.xcconfig; name = "Pods-3NGAGE.release.xcconfig"; path = "Pods/Target Support Files/Pods-3NGAGE/Pods-3NGAGE.release.xcconfig"; sourceTree = "<group>"; };
/* End PBXFileReference section */

/* Begin PBXFrameworksBuildPhase section */
		4F715B621C875400004BAE39 /* Frameworks */ = {
			isa = PBXFrameworksBuildPhase;
			buildActionMask = 2147483647;
			files = (
				273197A8B8581C28A99C8EA0 /* libPods-3NGAGE.a in Frameworks */,
			);
			runOnlyForDeploymentPostprocessing = 0;
		};
/* End PBXFrameworksBuildPhase section */

/* Begin PBXGroup section */
		4F5ED6961C886AA4000FA346 /* pic */ = {
			isa = PBXGroup;
			children = (
				4F5ED6971C886AB1000FA346 /* 7335a.png */,
				4F5ED6981C886AB1000FA346 /* 7335b.png */,
				4F5ED6991C886AB1000FA346 /* 7335c.png */,
				4F5ED69A1C886AB1000FA346 /* 7335d.png */,
				4F5ED69B1C886AB1000FA346 /* 7335e.png */,
				4F5ED69C1C886AB1000FA346 /* 7335f.png */,
				4F5ED69D1C886AB1000FA346 /* 7335g.png */,
				4F5ED69E1C886AB1000FA346 /* 7335h.png */,
			);
			name = pic;
			sourceTree = "<group>";
		};
		4F715B5C1C8753FF004BAE39 = {
			isa = PBXGroup;
			children = (
				4F715B671C875400004BAE39 /* 3NGAGE */,
				4F715B661C875400004BAE39 /* Products */,
				CC2E76B20E74DA1CBB0323A3 /* Pods */,
				8BE140C3D5A3D6E02161970A /* Frameworks */,
			);
			sourceTree = "<group>";
		};
		4F715B661C875400004BAE39 /* Products */ = {
			isa = PBXGroup;
			children = (
				4F715B651C875400004BAE39 /* 3NGAGE.app */,
			);
			name = Products;
			sourceTree = "<group>";
		};
		4F715B671C875400004BAE39 /* 3NGAGE */ = {
			isa = PBXGroup;
			children = (
				4F715B681C875400004BAE39 /* AppDelegate.swift */,
				4F009FD01C8DBBE9002F8EBE /* Global.swift */,
				4F715B7E1C87557C004BAE39 /* SResultViewController.swift */,
				4F921C821C8CA15A0088E89C /* InfoViewController.swift */,
				4F921C881C8CACB50088E89C /* LoginViewController.swift */,
				4F921C8A1C8CACF50088E89C /* RegisterViewController.swift */,
				4F921C8C1C8CAD0E0088E89C /* MenuViewController.swift */,
				4F921C8E1C8CAD8F0088E89C /* UpdateViewController.swift */,
				4F009FCC1C8D6CFB002F8EBE /* AddRegisterViewController.swift */,
				4F715B6C1C875400004BAE39 /* Main.storyboard */,
				4F715B801C8756C7004BAE39 /* Resources */,
				4F715B6F1C875400004BAE39 /* Assets.xcassets */,
				4F715B711C875400004BAE39 /* LaunchScreen.storyboard */,
				4F715B741C875400004BAE39 /* Info.plist */,
				4F921C851C8CA41B0088E89C /* 3NGAGE-Bridging-Header.h */,
			);
			path = 3NGAGE;
			sourceTree = "<group>";
		};
		4F715B801C8756C7004BAE39 /* Resources */ = {
			isa = PBXGroup;
			children = (
				4F921C751C8C9E360088E89C /* logo */,
				4F921C681C8C9D9A0088E89C /* home */,
				4F5ED6961C886AA4000FA346 /* pic */,
				4F715B8D1C8759E2004BAE39 /* pic-1.png */,
				4F009FCE1C8D79B9002F8EBE /* icon-after-pink.png */,
				4F05E0F51C8D5CF800B2985E /* icon-before.png */,
				4F715B871C87594C004BAE39 /* icon-black-heart.png */,
				4F715B881C87594C004BAE39 /* icon-menu.png */,
				4F715B891C87594C004BAE39 /* icon-red-heart.png */,
				4F715B811C8756D3004BAE39 /* Default-568h@2x.png */,
				4F715B821C8756D3004BAE39 /* Default.png */,
				4F715B831C8756D3004BAE39 /* Default@2x.png */,
				4F921C7A1C8C9E640088E89C /* update_search.png */,
			);
			name = Resources;
			sourceTree = "<group>";
		};
		4F921C681C8C9D9A0088E89C /* home */ = {
			isa = PBXGroup;
			children = (
				4F921C691C8C9E290088E89C /* bg1.png */,
				4F921C6A1C8C9E290088E89C /* bg2.png */,
				4F921C6B1C8C9E290088E89C /* bg3.png */,
				4F921C6C1C8C9E290088E89C /* bg4.png */,
				4F921C6D1C8C9E290088E89C /* bg5.png */,
				4F921C6E1C8C9E290088E89C /* bg6.png */,
			);
			name = home;
			sourceTree = "<group>";
		};
		4F921C751C8C9E360088E89C /* logo */ = {
			isa = PBXGroup;
			children = (
				4F921C761C8C9E440088E89C /* engage_blk.png */,
				4F921C771C8C9E440088E89C /* engage_wht.png */,
			);
			name = logo;
			sourceTree = "<group>";
		};
		8BE140C3D5A3D6E02161970A /* Frameworks */ = {
			isa = PBXGroup;
			children = (
				1C293CD593BC6095FD05A764 /* libPods-3NGAGE.a */,
			);
			name = Frameworks;
			sourceTree = "<group>";
		};
		CC2E76B20E74DA1CBB0323A3 /* Pods */ = {
			isa = PBXGroup;
			children = (
				6825F859D10BD11ADFB60313 /* Pods-3NGAGE.debug.xcconfig */,
				E9B0C095F142226E25EDEC6E /* Pods-3NGAGE.release.xcconfig */,
			);
			name = Pods;
			sourceTree = "<group>";
		};
/* End PBXGroup section */

/* Begin PBXNativeTarget section */
		4F715B641C875400004BAE39 /* 3NGAGE */ = {
			isa = PBXNativeTarget;
			buildConfigurationList = 4F715B771C875400004BAE39 /* Build configuration list for PBXNativeTarget "3NGAGE" */;
			buildPhases = (
				02988D9DF0F3661B032F4D79 /* Check Pods Manifest.lock */,
				4F715B611C875400004BAE39 /* Sources */,
				4F715B621C875400004BAE39 /* Frameworks */,
				4F715B631C875400004BAE39 /* Resources */,
				74E6ADE7D18F3BD8258F1617 /* Embed Pods Frameworks */,
				533097EB79DE95C60E4757B2 /* Copy Pods Resources */,
			);
			buildRules = (
			);
			dependencies = (
			);
			name = 3NGAGE;
			productName = 3NGAGE;
			productReference = 4F715B651C875400004BAE39 /* 3NGAGE.app */;
			productType = "com.apple.product-type.application";
		};
/* End PBXNativeTarget section */

/* Begin PBXProject section */
		4F715B5D1C8753FF004BAE39 /* Project object */ = {
			isa = PBXProject;
			attributes = {
				LastSwiftUpdateCheck = 0720;
				LastUpgradeCheck = 0720;
				ORGANIZATIONNAME = "Blue Silver";
				TargetAttributes = {
					4F715B641C875400004BAE39 = {
						CreatedOnToolsVersion = 7.2.1;
						DevelopmentTeam = 7C2MRVZDK5;
					};
				};
			};
			buildConfigurationList = 4F715B601C8753FF004BAE39 /* Build configuration list for PBXProject "3NGAGE" */;
			compatibilityVersion = "Xcode 3.2";
			developmentRegion = English;
			hasScannedForEncodings = 0;
			knownRegions = (
				en,
				Base,
			);
			mainGroup = 4F715B5C1C8753FF004BAE39;
			productRefGroup = 4F715B661C875400004BAE39 /* Products */;
			projectDirPath = "";
			projectRoot = "";
			targets = (
				4F715B641C875400004BAE39 /* 3NGAGE */,
			);
		};
/* End PBXProject section */

/* Begin PBXResourcesBuildPhase section */
		4F715B631C875400004BAE39 /* Resources */ = {
			isa = PBXResourcesBuildPhase;
			buildActionMask = 2147483647;
			files = (
				4F715B8C1C87594C004BAE39 /* icon-red-heart.png in Resources */,
				4F715B861C8756D3004BAE39 /* Default@2x.png in Resources */,
				4F715B731C875400004BAE39 /* LaunchScreen.storyboard in Resources */,
				4F715B841C8756D3004BAE39 /* Default-568h@2x.png in Resources */,
				4F5ED6A41C886AB1000FA346 /* 7335f.png in Resources */,
				4F5ED6A11C886AB1000FA346 /* 7335c.png in Resources */,
				4F5ED6A31C886AB1000FA346 /* 7335e.png in Resources */,
				4F05E0F61C8D5CF800B2985E /* icon-before.png in Resources */,
				4F921C7B1C8C9E640088E89C /* update_search.png in Resources */,
				4F715B8B1C87594C004BAE39 /* icon-menu.png in Resources */,
				4F715B8A1C87594C004BAE39 /* icon-black-heart.png in Resources */,
				4F921C741C8C9E290088E89C /* bg6.png in Resources */,
				4F921C711C8C9E290088E89C /* bg3.png in Resources */,
				4F921C781C8C9E440088E89C /* engage_blk.png in Resources */,
				4F5ED69F1C886AB1000FA346 /* 7335a.png in Resources */,
				4F921C731C8C9E290088E89C /* bg5.png in Resources */,
				4F715B8E1C8759E2004BAE39 /* pic-1.png in Resources */,
				4F5ED6A01C886AB1000FA346 /* 7335b.png in Resources */,
				4F921C791C8C9E440088E89C /* engage_wht.png in Resources */,
				4F5ED6A51C886AB1000FA346 /* 7335g.png in Resources */,
				4F921C701C8C9E290088E89C /* bg2.png in Resources */,
				4F5ED6A21C886AB1000FA346 /* 7335d.png in Resources */,
				4F921C6F1C8C9E290088E89C /* bg1.png in Resources */,
				4F5ED6A61C886AB1000FA346 /* 7335h.png in Resources */,
				4F715B701C875400004BAE39 /* Assets.xcassets in Resources */,
				4F715B6E1C875400004BAE39 /* Main.storyboard in Resources */,
				4F009FCF1C8D79B9002F8EBE /* icon-after-pink.png in Resources */,
				4F715B851C8756D3004BAE39 /* Default.png in Resources */,
				4F921C721C8C9E290088E89C /* bg4.png in Resources */,
			);
			runOnlyForDeploymentPostprocessing = 0;
		};
/* End PBXResourcesBuildPhase section */

/* Begin PBXShellScriptBuildPhase section */
		02988D9DF0F3661B032F4D79 /* Check Pods Manifest.lock */ = {
			isa = PBXShellScriptBuildPhase;
			buildActionMask = 2147483647;
			files = (
			);
			inputPaths = (
			);
			name = "Check Pods Manifest.lock";
			outputPaths = (
			);
			runOnlyForDeploymentPostprocessing = 0;
			shellPath = /bin/sh;
			shellScript = "diff \"${PODS_ROOT}/../Podfile.lock\" \"${PODS_ROOT}/Manifest.lock\" > /dev/null\nif [[ $? != 0 ]] ; then\n    cat << EOM\nerror: The sandbox is not in sync with the Podfile.lock. Run 'pod install' or update your CocoaPods installation.\nEOM\n    exit 1\nfi\n";
			showEnvVarsInLog = 0;
		};
		533097EB79DE95C60E4757B2 /* Copy Pods Resources */ = {
			isa = PBXShellScriptBuildPhase;
			buildActionMask = 2147483647;
			files = (
			);
			inputPaths = (
			);
			name = "Copy Pods Resources";
			outputPaths = (
			);
			runOnlyForDeploymentPostprocessing = 0;
			shellPath = /bin/sh;
			shellScript = "\"${SRCROOT}/Pods/Target Support Files/Pods-3NGAGE/Pods-3NGAGE-resources.sh\"\n";
			showEnvVarsInLog = 0;
		};
		74E6ADE7D18F3BD8258F1617 /* Embed Pods Frameworks */ = {
			isa = PBXShellScriptBuildPhase;
			buildActionMask = 2147483647;
			files = (
			);
			inputPaths = (
			);
			name = "Embed Pods Frameworks";
			outputPaths = (
			);
			runOnlyForDeploymentPostprocessing = 0;
			shellPath = /bin/sh;
			shellScript = "\"${SRCROOT}/Pods/Target Support Files/Pods-3NGAGE/Pods-3NGAGE-frameworks.sh\"\n";
			showEnvVarsInLog = 0;
		};
/* End PBXShellScriptBuildPhase section */

/* Begin PBXSourcesBuildPhase section */
		4F715B611C875400004BAE39 /* Sources */ = {
			isa = PBXSourcesBuildPhase;
			buildActionMask = 2147483647;
			files = (
				4F921C891C8CACB50088E89C /* LoginViewController.swift in Sources */,
				4F921C8D1C8CAD0E0088E89C /* MenuViewController.swift in Sources */,
				4F921C8B1C8CACF50088E89C /* RegisterViewController.swift in Sources */,
				4F715B691C875400004BAE39 /* AppDelegate.swift in Sources */,
				4F921C831C8CA15A0088E89C /* InfoViewController.swift in Sources */,
				4F921C8F1C8CAD8F0088E89C /* UpdateViewController.swift in Sources */,
				4F715B7F1C87557C004BAE39 /* SResultViewController.swift in Sources */,
				4F009FCD1C8D6CFB002F8EBE /* AddRegisterViewController.swift in Sources */,
				4F009FD11C8DBBE9002F8EBE /* Global.swift in Sources */,
			);
			runOnlyForDeploymentPostprocessing = 0;
		};
/* End PBXSourcesBuildPhase section */

/* Begin PBXVariantGroup section */
		4F715B6C1C875400004BAE39 /* Main.storyboard */ = {
			isa = PBXVariantGroup;
			children = (
				4F715B6D1C875400004BAE39 /* Base */,
			);
			name = Main.storyboard;
			sourceTree = "<group>";
		};
		4F715B711C875400004BAE39 /* LaunchScreen.storyboard */ = {
			isa = PBXVariantGroup;
			children = (
				4F715B721C875400004BAE39 /* Base */,
			);
			name = LaunchScreen.storyboard;
			sourceTree = "<group>";
		};
/* End PBXVariantGroup section */

/* Begin XCBuildConfiguration section */
		4F715B751C875400004BAE39 /* Debug */ = {
			isa = XCBuildConfiguration;
			buildSettings = {
				ALWAYS_SEARCH_USER_PATHS = NO;
				CLANG_CXX_LANGUAGE_STANDARD = "gnu++0x";
				CLANG_CXX_LIBRARY = "libc++";
				CLANG_ENABLE_MODULES = YES;
				CLANG_ENABLE_OBJC_ARC = YES;
				CLANG_WARN_BOOL_CONVERSION = YES;
				CLANG_WARN_CONSTANT_CONVERSION = YES;
				CLANG_WARN_DIRECT_OBJC_ISA_USAGE = YES_ERROR;
				CLANG_WARN_EMPTY_BODY = YES;
				CLANG_WARN_ENUM_CONVERSION = YES;
				CLANG_WARN_INT_CONVERSION = YES;
				CLANG_WARN_OBJC_ROOT_CLASS = YES_ERROR;
				CLANG_WARN_UNREACHABLE_CODE = YES;
				CLANG_WARN__DUPLICATE_METHOD_MATCH = YES;
				CODE_SIGN_IDENTITY = "iPhone Distribution: CITLALI, LLC (7C2MRVZDK5)";
				"CODE_SIGN_IDENTITY[sdk=iphoneos*]" = "iPhone Distribution: CITLALI, LLC (7C2MRVZDK5)";
				COPY_PHASE_STRIP = NO;
				DEBUG_INFORMATION_FORMAT = dwarf;
				ENABLE_STRICT_OBJC_MSGSEND = YES;
				ENABLE_TESTABILITY = YES;
				GCC_C_LANGUAGE_STANDARD = gnu99;
				GCC_DYNAMIC_NO_PIC = NO;
				GCC_NO_COMMON_BLOCKS = YES;
				GCC_OPTIMIZATION_LEVEL = 0;
				GCC_PREPROCESSOR_DEFINITIONS = (
					"DEBUG=1",
					"$(inherited)",
				);
				GCC_WARN_64_TO_32_BIT_CONVERSION = YES;
				GCC_WARN_ABOUT_RETURN_TYPE = YES_ERROR;
				GCC_WARN_UNDECLARED_SELECTOR = YES;
				GCC_WARN_UNINITIALIZED_AUTOS = YES_AGGRESSIVE;
				GCC_WARN_UNUSED_FUNCTION = YES;
				GCC_WARN_UNUSED_VARIABLE = YES;
				IPHONEOS_DEPLOYMENT_TARGET = 9.2;
				MTL_ENABLE_DEBUG_INFO = YES;
				ONLY_ACTIVE_ARCH = YES;
				PROVISIONING_PROFILE = "0e9df716-2f0c-4fd5-b834-7069c822f8f1";
				SDKROOT = iphoneos;
				SWIFT_OPTIMIZATION_LEVEL = "-Onone";
			};
			name = Debug;
		};
		4F715B761C875400004BAE39 /* Release */ = {
			isa = XCBuildConfiguration;
			buildSettings = {
				ALWAYS_SEARCH_USER_PATHS = NO;
				CLANG_CXX_LANGUAGE_STANDARD = "gnu++0x";
				CLANG_CXX_LIBRARY = "libc++";
				CLANG_ENABLE_MODULES = YES;
				CLANG_ENABLE_OBJC_ARC = YES;
				CLANG_WARN_BOOL_CONVERSION = YES;
				CLANG_WARN_CONSTANT_CONVERSION = YES;
				CLANG_WARN_DIRECT_OBJC_ISA_USAGE = YES_ERROR;
				CLANG_WARN_EMPTY_BODY = YES;
				CLANG_WARN_ENUM_CONVERSION = YES;
				CLANG_WARN_INT_CONVERSION = YES;
				CLANG_WARN_OBJC_ROOT_CLASS = YES_ERROR;
				CLANG_WARN_UNREACHABLE_CODE = YES;
				CLANG_WARN__DUPLICATE_METHOD_MATCH = YES;
				CODE_SIGN_IDENTITY = "iPhone Distribution: CITLALI, LLC (7C2MRVZDK5)";
				"CODE_SIGN_IDENTITY[sdk=iphoneos*]" = "iPhone Distribution: CITLALI, LLC (7C2MRVZDK5)";
				COPY_PHASE_STRIP = NO;
				DEBUG_INFORMATION_FORMAT = "dwarf-with-dsym";
				ENABLE_NS_ASSERTIONS = NO;
				ENABLE_STRICT_OBJC_MSGSEND = YES;
				GCC_C_LANGUAGE_STANDARD = gnu99;
				GCC_NO_COMMON_BLOCKS = YES;
				GCC_WARN_64_TO_32_BIT_CONVERSION = YES;
				GCC_WARN_ABOUT_RETURN_TYPE = YES_ERROR;
				GCC_WARN_UNDECLARED_SELECTOR = YES;
				GCC_WARN_UNINITIALIZED_AUTOS = YES_AGGRESSIVE;
				GCC_WARN_UNUSED_FUNCTION = YES;
				GCC_WARN_UNUSED_VARIABLE = YES;
				IPHONEOS_DEPLOYMENT_TARGET = 9.2;
				MTL_ENABLE_DEBUG_INFO = NO;
				PROVISIONING_PROFILE = "0e9df716-2f0c-4fd5-b834-7069c822f8f1";
				SDKROOT = iphoneos;
				VALIDATE_PRODUCT = YES;
			};
			name = Release;
		};
		4F715B781C875400004BAE39 /* Debug */ = {
			isa = XCBuildConfiguration;
			baseConfigurationReference = 6825F859D10BD11ADFB60313 /* Pods-3NGAGE.debug.xcconfig */;
			buildSettings = {
				ASSETCATALOG_COMPILER_APPICON_NAME = AppIcon;
				CLANG_ENABLE_MODULES = YES;
				CODE_SIGN_IDENTITY = "iPhone Developer";
				"CODE_SIGN_IDENTITY[sdk=iphoneos*]" = "iPhone Developer";
				INFOPLIST_FILE = 3NGAGE/Info.plist;
				IPHONEOS_DEPLOYMENT_TARGET = 8.0;
				LD_RUNPATH_SEARCH_PATHS = "$(inherited) @executable_path/Frameworks";
				PRODUCT_BUNDLE_IDENTIFIER = com.citlali.engage;
				PRODUCT_NAME = "$(TARGET_NAME)";
				PROVISIONING_PROFILE = "";
				SWIFT_OBJC_BRIDGING_HEADER = "3NGAGE/3NGAGE-Bridging-Header.h";
				SWIFT_OPTIMIZATION_LEVEL = "-Onone";
				TARGETED_DEVICE_FAMILY = 1;
			};
			name = Debug;
		};
		4F715B791C875400004BAE39 /* Release */ = {
			isa = XCBuildConfiguration;
			baseConfigurationReference = E9B0C095F142226E25EDEC6E /* Pods-3NGAGE.release.xcconfig */;
			buildSettings = {
				ASSETCATALOG_COMPILER_APPICON_NAME = AppIcon;
				CLANG_ENABLE_MODULES = YES;
				CODE_SIGN_IDENTITY = "iPhone Developer";
				"CODE_SIGN_IDENTITY[sdk=iphoneos*]" = "iPhone Developer";
				INFOPLIST_FILE = 3NGAGE/Info.plist;
				IPHONEOS_DEPLOYMENT_TARGET = 8.0;
				LD_RUNPATH_SEARCH_PATHS = "$(inherited) @executable_path/Frameworks";
				PRODUCT_BUNDLE_IDENTIFIER = com.citlali.engage;
				PRODUCT_NAME = "$(TARGET_NAME)";
				PROVISIONING_PROFILE = "";
				SWIFT_OBJC_BRIDGING_HEADER = "3NGAGE/3NGAGE-Bridging-Header.h";
				TARGETED_DEVICE_FAMILY = 1;
			};
			name = Release;
		};
/* End XCBuildConfiguration section */

/* Begin XCConfigurationList section */
		4F715B601C8753FF004BAE39 /* Build configuration list for PBXProject "3NGAGE" */ = {
			isa = XCConfigurationList;
			buildConfigurations = (
				4F715B751C875400004BAE39 /* Debug */,
				4F715B761C875400004BAE39 /* Release */,
			);
			defaultConfigurationIsVisible = 0;
			defaultConfigurationName = Release;
		};
		4F715B771C875400004BAE39 /* Build configuration list for PBXNativeTarget "3NGAGE" */ = {
			isa = XCConfigurationList;
			buildConfigurations = (
				4F715B781C875400004BAE39 /* Debug */,
				4F715B791C875400004BAE39 /* Release */,
			);
			defaultConfigurationIsVisible = 0;
			defaultConfigurationName = Release;
		};
/* End XCConfigurationList section */
	};
	rootObject = 4F715B5D1C8753FF004BAE39 /* Project object */;
}
